
Microsoft Visual Studio Solution File, Format Version 12.00
# Visual Studio Version 17
VisualStudioVersion = 17.4.33213.308
MinimumVisualStudioVersion = 10.0.40219.1
Project("{FAE04EC0-301F-11D3-BF4B-00C04F79EFBC}") = "lab1 oop2", "lab1 oop2\lab1 oop2.csproj", "{1210ABB3-9717-4817-AEC7-F94F3D4B847E}"
EndProject
Global
	GlobalSection(SolutionConfigurationPlatforms) = preSolution
		Debug|Any CPU = Debug|Any CPU
		Release|Any CPU = Release|Any CPU
	EndGlobalSection
	GlobalSection(ProjectConfigurationPlatforms) = postSolution
		{1210ABB3-9717-4817-AEC7-F94F3D4B847E}.Debug|Any CPU.ActiveCfg = Debug|Any CPU
		{1210ABB3-9717-4817-AEC7-F94F3D4B847E}.Debug|Any CPU.Build.0 = Debug|Any CPU
		{1210ABB3-9717-4817-AEC7-F94F3D4B847E}.Release|Any CPU.ActiveCfg = Release|Any CPU
		{1210ABB3-9717-4817-AEC7-F94F3D4B847E}.Release|Any CPU.Build.0 = Release|Any CPU
	EndGlobalSection
	GlobalSection(SolutionProperties) = preSolution
		HideSolutionNode = FALSE
	EndGlobalSection
	GlobalSection(ExtensibilityGlobals) = postSolution
		SolutionGuid = {477EEBD5-4FC8-40DA-B5F2-4DF1E71A4892}
	EndGlobalSection
EndGlobal
